// !$*UTF8*$!
{
	archiveVersion = 1;
	classes = {
	};
	objectVersion = 52;
	objects = {

/* Begin PBXBuildFile section */
		8C33E4E4AFB548908F564607 /* amplifyconfiguration.json in Resources */ = {isa = PBXBuildFile; fileRef = 569056157C8449E98802D544 /* amplifyconfiguration.json */; };
		8D95A9762631FF6F0077686B /* MovieAppApp.swift in Sources */ = {isa = PBXBuildFile; fileRef = 8D95A9752631FF6F0077686B /* MovieAppApp.swift */; };
		8D95A9782631FF6F0077686B /* ContentView.swift in Sources */ = {isa = PBXBuildFile; fileRef = 8D95A9772631FF6F0077686B /* ContentView.swift */; };
		8D95A97A2631FF6F0077686B /* Assets.xcassets in Resources */ = {isa = PBXBuildFile; fileRef = 8D95A9792631FF6F0077686B /* Assets.xcassets */; };
		8D95A97D2631FF6F0077686B /* Preview Assets.xcassets in Resources */ = {isa = PBXBuildFile; fileRef = 8D95A97C2631FF6F0077686B /* Preview Assets.xcassets */; };
		8D95A988263202310077686B /* Amplify in Frameworks */ = {isa = PBXBuildFile; productRef = 8D95A987263202310077686B /* Amplify */; };
		8D95A98A263202310077686B /* AWSPluginsCore in Frameworks */ = {isa = PBXBuildFile; productRef = 8D95A989263202310077686B /* AWSPluginsCore */; };
		8D95A98C263202310077686B /* AWSAPIPlugin in Frameworks */ = {isa = PBXBuildFile; productRef = 8D95A98B263202310077686B /* AWSAPIPlugin */; };
		8D95A98E263202310077686B /* AWSDataStorePlugin in Frameworks */ = {isa = PBXBuildFile; productRef = 8D95A98D263202310077686B /* AWSDataStorePlugin */; };
		8D95A9A2263202C60077686B /* Movie.swift in Sources */ = {isa = PBXBuildFile; fileRef = 8D95A993263202C60077686B /* Movie.swift */; };
		8D95A9A3263202C60077686B /* AmplifyModels.swift in Sources */ = {isa = PBXBuildFile; fileRef = 8D95A994263202C60077686B /* AmplifyModels.swift */; };
		8D95A9A4263202C60077686B /* Movie+Schema.swift in Sources */ = {isa = PBXBuildFile; fileRef = 8D95A995263202C60077686B /* Movie+Schema.swift */; };
		8D95A9A5263202C60077686B /* project-config.json in Resources */ = {isa = PBXBuildFile; fileRef = 8D95A997263202C60077686B /* project-config.json */; };
		8D95A9A6263202C60077686B /* cli.json in Resources */ = {isa = PBXBuildFile; fileRef = 8D95A998263202C60077686B /* cli.json */; };
		8D95A9A7263202C60077686B /* backend-config.json in Resources */ = {isa = PBXBuildFile; fileRef = 8D95A99A263202C60077686B /* backend-config.json */; };
		8D95A9A8263202C60077686B /* CustomResources.json in Resources */ = {isa = PBXBuildFile; fileRef = 8D95A99E263202C60077686B /* CustomResources.json */; };
		8D95A9A9263202C60077686B /* parameters.json in Resources */ = {isa = PBXBuildFile; fileRef = 8D95A99F263202C60077686B /* parameters.json */; };
		8D95A9AA263202C60077686B /* schema.graphql in Resources */ = {isa = PBXBuildFile; fileRef = 8D95A9A0263202C60077686B /* schema.graphql */; };
		8D95A9AB263202C60077686B /* transform.conf.json in Resources */ = {isa = PBXBuildFile; fileRef = 8D95A9A1263202C60077686B /* transform.conf.json */; };
		8D95A9AF263207180077686B /* MovieListViewModel.swift in Sources */ = {isa = PBXBuildFile; fileRef = 8D95A9AE263207180077686B /* MovieListViewModel.swift */; };
		A4DC53CE9EC946EF906DDFDE /* awsconfiguration.json in Resources */ = {isa = PBXBuildFile; fileRef = 5719363B0C5E4756A1B73DF8 /* awsconfiguration.json */; };
/* End PBXBuildFile section */

/* Begin PBXFileReference section */
		4FB246DE0A024E9E8034978C /* amplifytools.xcconfig */ = {isa = PBXFileReference; explicitFileType = undefined; fileEncoding = 4; includeInIndex = 0; lastKnownFileType = text.xcconfig; path = amplifytools.xcconfig; sourceTree = "<group>"; };
		569056157C8449E98802D544 /* amplifyconfiguration.json */ = {isa = PBXFileReference; explicitFileType = undefined; fileEncoding = 9; includeInIndex = 0; lastKnownFileType = unknown; path = amplifyconfiguration.json; sourceTree = "<group>"; };
		5719363B0C5E4756A1B73DF8 /* awsconfiguration.json */ = {isa = PBXFileReference; explicitFileType = undefined; fileEncoding = 9; includeInIndex = 0; lastKnownFileType = unknown; path = awsconfiguration.json; sourceTree = "<group>"; };
		8D95A9722631FF6F0077686B /* MovieApp.app */ = {isa = PBXFileReference; explicitFileType = wrapper.application; includeInIndex = 0; path = MovieApp.app; sourceTree = BUILT_PRODUCTS_DIR; };
		8D95A9752631FF6F0077686B /* MovieAppApp.swift */ = {isa = PBXFileReference; lastKnownFileType = sourcecode.swift; path = MovieAppApp.swift; sourceTree = "<group>"; };
		8D95A9772631FF6F0077686B /* ContentView.swift */ = {isa = PBXFileReference; lastKnownFileType = sourcecode.swift; path = ContentView.swift; sourceTree = "<group>"; };
		8D95A9792631FF6F0077686B /* Assets.xcassets */ = {isa = PBXFileReference; lastKnownFileType = folder.assetcatalog; path = Assets.xcassets; sourceTree = "<group>"; };
		8D95A97C2631FF6F0077686B /* Preview Assets.xcassets */ = {isa = PBXFileReference; lastKnownFileType = folder.assetcatalog; path = "Preview Assets.xcassets"; sourceTree = "<group>"; };
		8D95A97E2631FF6F0077686B /* Info.plist */ = {isa = PBXFileReference; lastKnownFileType = text.plist.xml; path = Info.plist; sourceTree = "<group>"; };
		8D95A993263202C60077686B /* Movie.swift */ = {isa = PBXFileReference; fileEncoding = 4; lastKnownFileType = sourcecode.swift; path = Movie.swift; sourceTree = "<group>"; };
		8D95A994263202C60077686B /* AmplifyModels.swift */ = {isa = PBXFileReference; fileEncoding = 4; lastKnownFileType = sourcecode.swift; path = AmplifyModels.swift; sourceTree = "<group>"; };
		8D95A995263202C60077686B /* Movie+Schema.swift */ = {isa = PBXFileReference; fileEncoding = 4; lastKnownFileType = sourcecode.swift; path = "Movie+Schema.swift"; sourceTree = "<group>"; };
		8D95A997263202C60077686B /* project-config.json */ = {isa = PBXFileReference; fileEncoding = 4; lastKnownFileType = text.json; path = "project-config.json"; sourceTree = "<group>"; };
		8D95A998263202C60077686B /* cli.json */ = {isa = PBXFileReference; fileEncoding = 4; lastKnownFileType = text.json; path = cli.json; sourceTree = "<group>"; };
		8D95A99A263202C60077686B /* backend-config.json */ = {isa = PBXFileReference; fileEncoding = 4; lastKnownFileType = text.json; path = "backend-config.json"; sourceTree = "<group>"; };
		8D95A99E263202C60077686B /* CustomResources.json */ = {isa = PBXFileReference; fileEncoding = 4; lastKnownFileType = text.json; path = CustomResources.json; sourceTree = "<group>"; };
		8D95A99F263202C60077686B /* parameters.json */ = {isa = PBXFileReference; fileEncoding = 4; lastKnownFileType = text.json; path = parameters.json; sourceTree = "<group>"; };
		8D95A9A0263202C60077686B /* schema.graphql */ = {isa = PBXFileReference; fileEncoding = 4; lastKnownFileType = text; path = schema.graphql; sourceTree = "<group>"; };
		8D95A9A1263202C60077686B /* transform.conf.json */ = {isa = PBXFileReference; fileEncoding = 4; lastKnownFileType = text.json; path = transform.conf.json; sourceTree = "<group>"; };
		8D95A9AE263207180077686B /* MovieListViewModel.swift */ = {isa = PBXFileReference; lastKnownFileType = sourcecode.swift; path = MovieListViewModel.swift; sourceTree = "<group>"; };
		A585478BCCA646D7A8F51D2A /* schema.graphql */ = {isa = PBXFileReference; explicitFileType = undefined; fileEncoding = 4; includeInIndex = 0; lastKnownFileType = text; name = schema.graphql; path = amplify/backend/api/amplifyDatasource/schema.graphql; sourceTree = "<group>"; };
/* End PBXFileReference section */

/* Begin PBXFrameworksBuildPhase section */
		8D95A96F2631FF6F0077686B /* Frameworks */ = {
			isa = PBXFrameworksBuildPhase;
			buildActionMask = 2147483647;
			files = (
				8D95A98C263202310077686B /* AWSAPIPlugin in Frameworks */,
				8D95A98A263202310077686B /* AWSPluginsCore in Frameworks */,
				8D95A988263202310077686B /* Amplify in Frameworks */,
				8D95A98E263202310077686B /* AWSDataStorePlugin in Frameworks */,
			);
			runOnlyForDeploymentPostprocessing = 0;
		};
/* End PBXFrameworksBuildPhase section */

/* Begin PBXGroup section */
		056CDE93A8A044948C6CE93B /* AmplifyConfig */ = {
			isa = PBXGroup;
			children = (
				4FB246DE0A024E9E8034978C /* amplifytools.xcconfig */,
				569056157C8449E98802D544 /* amplifyconfiguration.json */,
				5719363B0C5E4756A1B73DF8 /* awsconfiguration.json */,
				A585478BCCA646D7A8F51D2A /* schema.graphql */,
			);
			name = AmplifyConfig;
			path = .;
			sourceTree = "<group>";
		};
		8D95A9692631FF6F0077686B = {
			isa = PBXGroup;
			children = (
				8D95A990263202C60077686B /* amplify */,
				056CDE93A8A044948C6CE93B /* AmplifyConfig */,
				8D95A9742631FF6F0077686B /* MovieApp */,
				8D95A9732631FF6F0077686B /* Products */,
			);
			sourceTree = "<group>";
		};
		8D95A9732631FF6F0077686B /* Products */ = {
			isa = PBXGroup;
			children = (
				8D95A9722631FF6F0077686B /* MovieApp.app */,
			);
			name = Products;
			sourceTree = "<group>";
		};
		8D95A9742631FF6F0077686B /* MovieApp */ = {
			isa = PBXGroup;
			children = (
				8D95A9AD2632070B0077686B /* View Models */,
				8D95A9752631FF6F0077686B /* MovieAppApp.swift */,
				8D95A9772631FF6F0077686B /* ContentView.swift */,
				8D95A9792631FF6F0077686B /* Assets.xcassets */,
				8D95A97E2631FF6F0077686B /* Info.plist */,
				8D95A97B2631FF6F0077686B /* Preview Content */,
			);
			path = MovieApp;
			sourceTree = "<group>";
		};
		8D95A97B2631FF6F0077686B /* Preview Content */ = {
			isa = PBXGroup;
			children = (
				8D95A97C2631FF6F0077686B /* Preview Assets.xcassets */,
			);
			path = "Preview Content";
			sourceTree = "<group>";
		};
		8D95A990263202C60077686B /* amplify */ = {
			isa = PBXGroup;
			children = (
				8D95A991263202C60077686B /* generated */,
				8D95A996263202C60077686B /* .config */,
				8D95A998263202C60077686B /* cli.json */,
				8D95A999263202C60077686B /* backend */,
			);
			path = amplify;
			sourceTree = "<group>";
		};
		8D95A991263202C60077686B /* generated */ = {
			isa = PBXGroup;
			children = (
				8D95A992263202C60077686B /* models */,
			);
			path = generated;
			sourceTree = "<group>";
		};
		8D95A992263202C60077686B /* models */ = {
			isa = PBXGroup;
			children = (
				8D95A993263202C60077686B /* Movie.swift */,
				8D95A994263202C60077686B /* AmplifyModels.swift */,
				8D95A995263202C60077686B /* Movie+Schema.swift */,
			);
			path = models;
			sourceTree = "<group>";
		};
		8D95A996263202C60077686B /* .config */ = {
			isa = PBXGroup;
			children = (
				8D95A997263202C60077686B /* project-config.json */,
			);
			path = .config;
			sourceTree = "<group>";
		};
		8D95A999263202C60077686B /* backend */ = {
			isa = PBXGroup;
			children = (
				8D95A99A263202C60077686B /* backend-config.json */,
				8D95A99B263202C60077686B /* api */,
			);
			path = backend;
			sourceTree = "<group>";
		};
		8D95A99B263202C60077686B /* api */ = {
			isa = PBXGroup;
			children = (
				8D95A99C263202C60077686B /* amplifyDatasource */,
			);
			path = api;
			sourceTree = "<group>";
		};
		8D95A99C263202C60077686B /* amplifyDatasource */ = {
			isa = PBXGroup;
			children = (
				8D95A99D263202C60077686B /* stacks */,
				8D95A99F263202C60077686B /* parameters.json */,
				8D95A9A0263202C60077686B /* schema.graphql */,
				8D95A9A1263202C60077686B /* transform.conf.json */,
			);
			path = amplifyDatasource;
			sourceTree = "<group>";
		};
		8D95A99D263202C60077686B /* stacks */ = {
			isa = PBXGroup;
			children = (
				8D95A99E263202C60077686B /* CustomResources.json */,
			);
			path = stacks;
			sourceTree = "<group>";
		};
		8D95A9AD2632070B0077686B /* View Models */ = {
			isa = PBXGroup;
			children = (
				8D95A9AE263207180077686B /* MovieListViewModel.swift */,
			);
			path = "View Models";
			sourceTree = "<group>";
		};
/* End PBXGroup section */

/* Begin PBXNativeTarget section */
		8D95A9712631FF6F0077686B /* MovieApp */ = {
			isa = PBXNativeTarget;
			buildConfigurationList = 8D95A9812631FF6F0077686B /* Build configuration list for PBXNativeTarget "MovieApp" */;
			buildPhases = (
				8D95A96E2631FF6F0077686B /* Sources */,
				8D95A96F2631FF6F0077686B /* Frameworks */,
				8D95A9702631FF6F0077686B /* Resources */,
			);
			buildRules = (
			);
			dependencies = (
			);
			name = MovieApp;
			packageProductDependencies = (
				8D95A987263202310077686B /* Amplify */,
				8D95A989263202310077686B /* AWSPluginsCore */,
				8D95A98B263202310077686B /* AWSAPIPlugin */,
				8D95A98D263202310077686B /* AWSDataStorePlugin */,
			);
			productName = MovieApp;
			productReference = 8D95A9722631FF6F0077686B /* MovieApp.app */;
			productType = "com.apple.product-type.application";
		};
/* End PBXNativeTarget section */

/* Begin PBXProject section */
		8D95A96A2631FF6F0077686B /* Project object */ = {
			isa = PBXProject;
			attributes = {
				LastSwiftUpdateCheck = 1240;
				LastUpgradeCheck = 1240;
				TargetAttributes = {
					8D95A9712631FF6F0077686B = {
						CreatedOnToolsVersion = 12.4;
					};
				};
			};
			buildConfigurationList = 8D95A96D2631FF6F0077686B /* Build configuration list for PBXProject "MovieApp" */;
			compatibilityVersion = "Xcode 9.3";
			developmentRegion = en;
			hasScannedForEncodings = 0;
			knownRegions = (
				en,
				Base,
			);
			mainGroup = 8D95A9692631FF6F0077686B;
			packageReferences = (
				8D95A986263202310077686B /* XCRemoteSwiftPackageReference "amplify-ios" */,
			);
			productRefGroup = 8D95A9732631FF6F0077686B /* Products */;
			projectDirPath = "";
			projectRoot = "";
			targets = (
				8D95A9712631FF6F0077686B /* MovieApp */,
			);
		};
/* End PBXProject section */

/* Begin PBXResourcesBuildPhase section */
		8D95A9702631FF6F0077686B /* Resources */ = {
			isa = PBXResourcesBuildPhase;
			buildActionMask = 2147483647;
			files = (
				8D95A97D2631FF6F0077686B /* Preview Assets.xcassets in Resources */,
				8D95A97A2631FF6F0077686B /* Assets.xcassets in Resources */,
				8D95A9A8263202C60077686B /* CustomResources.json in Resources */,
				8D95A9A6263202C60077686B /* cli.json in Resources */,
				8D95A9AB263202C60077686B /* transform.conf.json in Resources */,
				8D95A9A5263202C60077686B /* project-config.json in Resources */,
				8C33E4E4AFB548908F564607 /* amplifyconfiguration.json in Resources */,
				8D95A9A9263202C60077686B /* parameters.json in Resources */,
				8D95A9A7263202C60077686B /* backend-config.json in Resources */,
				8D95A9AA263202C60077686B /* schema.graphql in Resources */,
				A4DC53CE9EC946EF906DDFDE /* awsconfiguration.json in Resources */,
			);
			runOnlyForDeploymentPostprocessing = 0;
		};
/* End PBXResourcesBuildPhase section */

/* Begin PBXSourcesBuildPhase section */
		8D95A96E2631FF6F0077686B /* Sources */ = {
			isa = PBXSourcesBuildPhase;
			buildActionMask = 2147483647;
			files = (
				8D95A9A3263202C60077686B /* AmplifyModels.swift in Sources */,
				8D95A9782631FF6F0077686B /* ContentView.swift in Sources */,
				8D95A9762631FF6F0077686B /* MovieAppApp.swift in Sources */,
				8D95A9A4263202C60077686B /* Movie+Schema.swift in Sources */,
				8D95A9A2263202C60077686B /* Movie.swift in Sources */,
				8D95A9AF263207180077686B /* MovieListViewModel.swift in Sources */,
			);
			runOnlyForDeploymentPostprocessing = 0;
		};
/* End PBXSourcesBuildPhase section */

/* Begin XCBuildConfiguration section */
		8D95A97F2631FF6F0077686B /* Debug */ = {
			isa = XCBuildConfiguration;
			buildSettings = {
				ALWAYS_SEARCH_USER_PATHS = NO;
				CLANG_ANALYZER_NONNULL = YES;
				CLANG_ANALYZER_NUMBER_OBJECT_CONVERSION = YES_AGGRESSIVE;
				CLANG_CXX_LANGUAGE_STANDARD = "gnu++14";
				CLANG_CXX_LIBRARY = "libc++";
				CLANG_ENABLE_MODULES = YES;
				CLANG_ENABLE_OBJC_ARC = YES;
				CLANG_ENABLE_OBJC_WEAK = YES;
				CLANG_WARN_BLOCK_CAPTURE_AUTORELEASING = YES;
				CLANG_WARN_BOOL_CONVERSION = YES;
				CLANG_WARN_COMMA = YES;
				CLANG_WARN_CONSTANT_CONVERSION = YES;
				CLANG_WARN_DEPRECATED_OBJC_IMPLEMENTATIONS = YES;
				CLANG_WARN_DIRECT_OBJC_ISA_USAGE = YES_ERROR;
				CLANG_WARN_DOCUMENTATION_COMMENTS = YES;
				CLANG_WARN_EMPTY_BODY = YES;
				CLANG_WARN_ENUM_CONVERSION = YES;
				CLANG_WARN_INFINITE_RECURSION = YES;
				CLANG_WARN_INT_CONVERSION = YES;
				CLANG_WARN_NON_LITERAL_NULL_CONVERSION = YES;
				CLANG_WARN_OBJC_IMPLICIT_RETAIN_SELF = YES;
				CLANG_WARN_OBJC_LITERAL_CONVERSION = YES;
				CLANG_WARN_OBJC_ROOT_CLASS = YES_ERROR;
				CLANG_WARN_QUOTED_INCLUDE_IN_FRAMEWORK_HEADER = YES;
				CLANG_WARN_RANGE_LOOP_ANALYSIS = YES;
				CLANG_WARN_STRICT_PROTOTYPES = YES;
				CLANG_WARN_SUSPICIOUS_MOVE = YES;
				CLANG_WARN_UNGUARDED_AVAILABILITY = YES_AGGRESSIVE;
				CLANG_WARN_UNREACHABLE_CODE = YES;
				CLANG_WARN__DUPLICATE_METHOD_MATCH = YES;
				COPY_PHASE_STRIP = NO;
				DEBUG_INFORMATION_FORMAT = dwarf;
				ENABLE_STRICT_OBJC_MSGSEND = YES;
				ENABLE_TESTABILITY = YES;
				GCC_C_LANGUAGE_STANDARD = gnu11;
				GCC_DYNAMIC_NO_PIC = NO;
				GCC_NO_COMMON_BLOCKS = YES;
				GCC_OPTIMIZATION_LEVEL = 0;
				GCC_PREPROCESSOR_DEFINITIONS = (
					"DEBUG=1",
					"$(inherited)",
				);
				GCC_WARN_64_TO_32_BIT_CONVERSION = YES;
				GCC_WARN_ABOUT_RETURN_TYPE = YES_ERROR;
				GCC_WARN_UNDECLARED_SELECTOR = YES;
				GCC_WARN_UNINITIALIZED_AUTOS = YES_AGGRESSIVE;
				GCC_WARN_UNUSED_FUNCTION = YES;
				GCC_WARN_UNUSED_VARIABLE = YES;
				IPHONEOS_DEPLOYMENT_TARGET = 14.4;
				MTL_ENABLE_DEBUG_INFO = INCLUDE_SOURCE;
				MTL_FAST_MATH = YES;
				ONLY_ACTIVE_ARCH = YES;
				SDKROOT = iphoneos;
				SWIFT_ACTIVE_COMPILATION_CONDITIONS = DEBUG;
				SWIFT_OPTIMIZATION_LEVEL = "-Onone";
			};
			name = Debug;
		};
		8D95A9802631FF6F0077686B /* Release */ = {
			isa = XCBuildConfiguration;
			buildSettings = {
				ALWAYS_SEARCH_USER_PATHS = NO;
				CLANG_ANALYZER_NONNULL = YES;
				CLANG_ANALYZER_NUMBER_OBJECT_CONVERSION = YES_AGGRESSIVE;
				CLANG_CXX_LANGUAGE_STANDARD = "gnu++14";
				CLANG_CXX_LIBRARY = "libc++";
				CLANG_ENABLE_MODULES = YES;
				CLANG_ENABLE_OBJC_ARC = YES;
				CLANG_ENABLE_OBJC_WEAK = YES;
				CLANG_WARN_BLOCK_CAPTURE_AUTORELEASING = YES;
				CLANG_WARN_BOOL_CONVERSION = YES;
				CLANG_WARN_COMMA = YES;
				CLANG_WARN_CONSTANT_CONVERSION = YES;
				CLANG_WARN_DEPRECATED_OBJC_IMPLEMENTATIONS = YES;
				CLANG_WARN_DIRECT_OBJC_ISA_USAGE = YES_ERROR;
				CLANG_WARN_DOCUMENTATION_COMMENTS = YES;
				CLANG_WARN_EMPTY_BODY = YES;
				CLANG_WARN_ENUM_CONVERSION = YES;
				CLANG_WARN_INFINITE_RECURSION = YES;
				CLANG_WARN_INT_CONVERSION = YES;
				CLANG_WARN_NON_LITERAL_NULL_CONVERSION = YES;
				CLANG_WARN_OBJC_IMPLICIT_RETAIN_SELF = YES;
				CLANG_WARN_OBJC_LITERAL_CONVERSION = YES;
				CLANG_WARN_OBJC_ROOT_CLASS = YES_ERROR;
				CLANG_WARN_QUOTED_INCLUDE_IN_FRAMEWORK_HEADER = YES;
				CLANG_WARN_RANGE_LOOP_ANALYSIS = YES;
				CLANG_WARN_STRICT_PROTOTYPES = YES;
				CLANG_WARN_SUSPICIOUS_MOVE = YES;
				CLANG_WARN_UNGUARDED_AVAILABILITY = YES_AGGRESSIVE;
				CLANG_WARN_UNREACHABLE_CODE = YES;
				CLANG_WARN__DUPLICATE_METHOD_MATCH = YES;
				COPY_PHASE_STRIP = NO;
				DEBUG_INFORMATION_FORMAT = "dwarf-with-dsym";
				ENABLE_NS_ASSERTIONS = NO;
				ENABLE_STRICT_OBJC_MSGSEND = YES;
				GCC_C_LANGUAGE_STANDARD = gnu11;
				GCC_NO_COMMON_BLOCKS = YES;
				GCC_WARN_64_TO_32_BIT_CONVERSION = YES;
				GCC_WARN_ABOUT_RETURN_TYPE = YES_ERROR;
				GCC_WARN_UNDECLARED_SELECTOR = YES;
				GCC_WARN_UNINITIALIZED_AUTOS = YES_AGGRESSIVE;
				GCC_WARN_UNUSED_FUNCTION = YES;
				GCC_WARN_UNUSED_VARIABLE = YES;
				IPHONEOS_DEPLOYMENT_TARGET = 14.4;
				MTL_ENABLE_DEBUG_INFO = NO;
				MTL_FAST_MATH = YES;
				SDKROOT = iphoneos;
				SWIFT_COMPILATION_MODE = wholemodule;
				SWIFT_OPTIMIZATION_LEVEL = "-O";
				VALIDATE_PRODUCT = YES;
			};
			name = Release;
		};
		8D95A9822631FF6F0077686B /* Debug */ = {
			isa = XCBuildConfiguration;
			buildSettings = {
				ASSETCATALOG_COMPILER_APPICON_NAME = AppIcon;
				ASSETCATALOG_COMPILER_GLOBAL_ACCENT_COLOR_NAME = AccentColor;
				CODE_SIGN_STYLE = Automatic;
				DEVELOPMENT_ASSET_PATHS = "\"MovieApp/Preview Content\"";
				DEVELOPMENT_TEAM = B2Q8EGNCQA;
				ENABLE_PREVIEWS = YES;
				INFOPLIST_FILE = MovieApp/Info.plist;
				IPHONEOS_DEPLOYMENT_TARGET = 14.0;
				LD_RUNPATH_SEARCH_PATHS = (
					"$(inherited)",
					"@executable_path/Frameworks",
				);
				PRODUCT_BUNDLE_IDENTIFIER = com.azamsharp.MovieApp;
				PRODUCT_NAME = "$(TARGET_NAME)";
				SWIFT_VERSION = 5.0;
				TARGETED_DEVICE_FAMILY = "1,2";
			};
			name = Debug;
		};
		8D95A9832631FF6F0077686B /* Release */ = {
			isa = XCBuildConfiguration;
			buildSettings = {
				ASSETCATALOG_COMPILER_APPICON_NAME = AppIcon;
				ASSETCATALOG_COMPILER_GLOBAL_ACCENT_COLOR_NAME = AccentColor;
				CODE_SIGN_STYLE = Automatic;
				DEVELOPMENT_ASSET_PATHS = "\"MovieApp/Preview Content\"";
				DEVELOPMENT_TEAM = B2Q8EGNCQA;
				ENABLE_PREVIEWS = YES;
				INFOPLIST_FILE = MovieApp/Info.plist;
				IPHONEOS_DEPLOYMENT_TARGET = 14.0;
				LD_RUNPATH_SEARCH_PATHS = (
					"$(inherited)",
					"@executable_path/Frameworks",
				);
				PRODUCT_BUNDLE_IDENTIFIER = com.azamsharp.MovieApp;
				PRODUCT_NAME = "$(TARGET_NAME)";
				SWIFT_VERSION = 5.0;
				TARGETED_DEVICE_FAMILY = "1,2";
			};
			name = Release;
		};
/* End XCBuildConfiguration section */

/* Begin XCConfigurationList section */
		8D95A96D2631FF6F0077686B /* Build configuration list for PBXProject "MovieApp" */ = {
			isa = XCConfigurationList;
			buildConfigurations = (
				8D95A97F2631FF6F0077686B /* Debug */,
				8D95A9802631FF6F0077686B /* Release */,
			);
			defaultConfigurationIsVisible = 0;
			defaultConfigurationName = Release;
		};
		8D95A9812631FF6F0077686B /* Build configuration list for PBXNativeTarget "MovieApp" */ = {
			isa = XCConfigurationList;
			buildConfigurations = (
				8D95A9822631FF6F0077686B /* Debug */,
				8D95A9832631FF6F0077686B /* Release */,
			);
			defaultConfigurationIsVisible = 0;
			defaultConfigurationName = Release;
		};
/* End XCConfigurationList section */

/* Begin XCRemoteSwiftPackageReference section */
		8D95A986263202310077686B /* XCRemoteSwiftPackageReference "amplify-ios" */ = {
			isa = XCRemoteSwiftPackageReference;
			repositoryURL = "https://github.com/aws-amplify/amplify-ios";
			requirement = {
				kind = upToNextMajorVersion;
				minimumVersion = 1.8.1;
			};
		};
/* End XCRemoteSwiftPackageReference section */

/* Begin XCSwiftPackageProductDependency section */
		8D95A987263202310077686B /* Amplify */ = {
			isa = XCSwiftPackageProductDependency;
			package = 8D95A986263202310077686B /* XCRemoteSwiftPackageReference "amplify-ios" */;
			productName = Amplify;
		};
		8D95A989263202310077686B /* AWSPluginsCore */ = {
			isa = XCSwiftPackageProductDependency;
			package = 8D95A986263202310077686B /* XCRemoteSwiftPackageReference "amplify-ios" */;
			productName = AWSPluginsCore;
		};
		8D95A98B263202310077686B /* AWSAPIPlugin */ = {
			isa = XCSwiftPackageProductDependency;
			package = 8D95A986263202310077686B /* XCRemoteSwiftPackageReference "amplify-ios" */;
			productName = AWSAPIPlugin;
		};
		8D95A98D263202310077686B /* AWSDataStorePlugin */ = {
			isa = XCSwiftPackageProductDependency;
			package = 8D95A986263202310077686B /* XCRemoteSwiftPackageReference "amplify-ios" */;
			productName = AWSDataStorePlugin;
		};
/* End XCSwiftPackageProductDependency section */
	};
	rootObject = 8D95A96A2631FF6F0077686B /* Project object */;
}
